// !$*UTF8*$!
{
	archiveVersion = 1;
	classes = {
	};
	objectVersion = 46;
	objects = {

/* Begin PBXBuildFile section */
		2231918C176C3AEA0006084D /* UIKit.framework in Frameworks */ = {isa = PBXBuildFile; fileRef = 2231918B176C3AEA0006084D /* UIKit.framework */; };
		2231918E176C3AEA0006084D /* Foundation.framework in Frameworks */ = {isa = PBXBuildFile; fileRef = 2231918D176C3AEA0006084D /* Foundation.framework */; };
		22319190176C3AEA0006084D /* CoreGraphics.framework in Frameworks */ = {isa = PBXBuildFile; fileRef = 2231918F176C3AEA0006084D /* CoreGraphics.framework */; };
		22319196176C3AEA0006084D /* InfoPlist.strings in Resources */ = {isa = PBXBuildFile; fileRef = 22319194176C3AEA0006084D /* InfoPlist.strings */; };
		22319198176C3AEA0006084D /* main.m in Sources */ = {isa = PBXBuildFile; fileRef = 22319197176C3AEA0006084D /* main.m */; };
		2231919C176C3AEA0006084D /* MAMAppDelegate.m in Sources */ = {isa = PBXBuildFile; fileRef = 2231919B176C3AEA0006084D /* MAMAppDelegate.m */; };
		223191A5176C3AEA0006084D /* MainStoryboard.storyboard in Resources */ = {isa = PBXBuildFile; fileRef = 223191A3176C3AEA0006084D /* MainStoryboard.storyboard */; };
		223191A8176C3AEA0006084D /* MAMViewController.m in Sources */ = {isa = PBXBuildFile; fileRef = 223191A7176C3AEA0006084D /* MAMViewController.m */; };
		223191B2176C4DD00006084D /* MAMHNController.m in Sources */ = {isa = PBXBuildFile; fileRef = 223191B1176C4DD00006084D /* MAMHNController.m */; };
		223191B5176C4DE20006084D /* MAMHNStory.m in Sources */ = {isa = PBXBuildFile; fileRef = 223191B4176C4DE20006084D /* MAMHNStory.m */; };
		223191B7176C527D0006084D /* QuartzCore.framework in Frameworks */ = {isa = PBXBuildFile; fileRef = 223191B6176C527D0006084D /* QuartzCore.framework */; };
		223191CE176C5E4F0006084D /* AFHTTPClient.m in Sources */ = {isa = PBXBuildFile; fileRef = 223191BC176C5E4F0006084D /* AFHTTPClient.m */; };
		223191CF176C5E4F0006084D /* AFHTTPRequestOperation.m in Sources */ = {isa = PBXBuildFile; fileRef = 223191BE176C5E4F0006084D /* AFHTTPRequestOperation.m */; };
		223191D0176C5E4F0006084D /* AFImageRequestOperation.m in Sources */ = {isa = PBXBuildFile; fileRef = 223191C0176C5E4F0006084D /* AFImageRequestOperation.m */; };
		223191D1176C5E4F0006084D /* AFJSONRequestOperation.m in Sources */ = {isa = PBXBuildFile; fileRef = 223191C2176C5E4F0006084D /* AFJSONRequestOperation.m */; };
		223191D2176C5E4F0006084D /* AFNetworkActivityIndicatorManager.m in Sources */ = {isa = PBXBuildFile; fileRef = 223191C4176C5E4F0006084D /* AFNetworkActivityIndicatorManager.m */; };
		223191D3176C5E4F0006084D /* AFPropertyListRequestOperation.m in Sources */ = {isa = PBXBuildFile; fileRef = 223191C7176C5E4F0006084D /* AFPropertyListRequestOperation.m */; };
		223191D4176C5E4F0006084D /* AFURLConnectionOperation.m in Sources */ = {isa = PBXBuildFile; fileRef = 223191C9176C5E4F0006084D /* AFURLConnectionOperation.m */; };
		223191D5176C5E4F0006084D /* AFXMLRequestOperation.m in Sources */ = {isa = PBXBuildFile; fileRef = 223191CB176C5E4F0006084D /* AFXMLRequestOperation.m */; };
		223191D6176C5E4F0006084D /* UIImageView+AFNetworking.m in Sources */ = {isa = PBXBuildFile; fileRef = 223191CD176C5E4F0006084D /* UIImageView+AFNetworking.m */; };
		223191DC176C5EB40006084D /* MAMStoryTableViewCell.m in Sources */ = {isa = PBXBuildFile; fileRef = 223191DB176C5EB40006084D /* MAMStoryTableViewCell.m */; };
		223191DE176C5ECF0006084D /* MobileCoreServices.framework in Frameworks */ = {isa = PBXBuildFile; fileRef = 223191DD176C5ECF0006084D /* MobileCoreServices.framework */; };
		223191E0176C5ED40006084D /* SystemConfiguration.framework in Frameworks */ = {isa = PBXBuildFile; fileRef = 223191DF176C5ED40006084D /* SystemConfiguration.framework */; };
		2231921A176C6E9B0006084D /* libxml2.dylib in Frameworks */ = {isa = PBXBuildFile; fileRef = 22319219176C6E9B0006084D /* libxml2.dylib */; };
		2231921C176C6EBB0006084D /* libz.dylib in Frameworks */ = {isa = PBXBuildFile; fileRef = 2231921B176C6EBB0006084D /* libz.dylib */; };
		223207AF176CC6540036EC23 /* RXMLElement.m in Sources */ = {isa = PBXBuildFile; fileRef = 223207AE176CC6540036EC23 /* RXMLElement.m */; };
		223246C9178008F700707BCD /* PocketActivity@2x~ipad.png in Resources */ = {isa = PBXBuildFile; fileRef = 223246B9178008F700707BCD /* PocketActivity@2x~ipad.png */; };
		223246CA178008F700707BCD /* PocketActivity@2x~iphone.png in Resources */ = {isa = PBXBuildFile; fileRef = 223246BA178008F700707BCD /* PocketActivity@2x~iphone.png */; };
		223246CB178008F700707BCD /* PocketActivity~ipad.png in Resources */ = {isa = PBXBuildFile; fileRef = 223246BB178008F700707BCD /* PocketActivity~ipad.png */; };
		223246CC178008F700707BCD /* PocketActivity~iphone.png in Resources */ = {isa = PBXBuildFile; fileRef = 223246BC178008F700707BCD /* PocketActivity~iphone.png */; };
		223246CD178008F700707BCD /* PocketAPI.m in Sources */ = {isa = PBXBuildFile; fileRef = 223246BF178008F700707BCD /* PocketAPI.m */; settings = {COMPILER_FLAGS = "-fno-objc-arc"; }; };
		223246CE178008F700707BCD /* PocketAPIActivity.m in Sources */ = {isa = PBXBuildFile; fileRef = 223246C1178008F700707BCD /* PocketAPIActivity.m */; settings = {COMPILER_FLAGS = "-fno-objc-arc"; }; };
		223246CF178008F700707BCD /* PocketAPILogin.m in Sources */ = {isa = PBXBuildFile; fileRef = 223246C3178008F700707BCD /* PocketAPILogin.m */; settings = {COMPILER_FLAGS = "-fno-objc-arc"; }; };
		223246D0178008F700707BCD /* PocketAPIOperation.m in Sources */ = {isa = PBXBuildFile; fileRef = 223246C5178008F700707BCD /* PocketAPIOperation.m */; settings = {COMPILER_FLAGS = "-fno-objc-arc"; }; };
		223246D1178008F700707BCD /* SFHFKeychainUtils.m in Sources */ = {isa = PBXBuildFile; fileRef = 223246C8178008F700707BCD /* SFHFKeychainUtils.m */; settings = {COMPILER_FLAGS = "-fno-objc-arc"; }; };
		223246D41780099A00707BCD /* Security.framework in Frameworks */ = {isa = PBXBuildFile; fileRef = 223246D31780099A00707BCD /* Security.framework */; };
		22371B4D176E568500F05CE3 /* MAMHNComment.m in Sources */ = {isa = PBXBuildFile; fileRef = 22371B4C176E568500F05CE3 /* MAMHNComment.m */; };
		2238232C176D189D008E9CED /* badge.png in Resources */ = {isa = PBXBuildFile; fileRef = 2238231E176D189D008E9CED /* badge.png */; };
		2238232D176D189D008E9CED /* badge@2x.png in Resources */ = {isa = PBXBuildFile; fileRef = 2238231F176D189D008E9CED /* badge@2x.png */; };
		2238232E176D189D008E9CED /* best.png in Resources */ = {isa = PBXBuildFile; fileRef = 22382320176D189D008E9CED /* best.png */; };
		2238232F176D189D008E9CED /* best@2x.png in Resources */ = {isa = PBXBuildFile; fileRef = 22382321176D189D008E9CED /* best@2x.png */; };
		22382330176D189D008E9CED /* clock.png in Resources */ = {isa = PBXBuildFile; fileRef = 22382322176D189D008E9CED /* clock.png */; };
		22382331176D189D008E9CED /* clock@2x.png in Resources */ = {isa = PBXBuildFile; fileRef = 22382323176D189D008E9CED /* clock@2x.png */; };
		22382332176D189D008E9CED /* heart.png in Resources */ = {isa = PBXBuildFile; fileRef = 22382324176D189D008E9CED /* heart.png */; };
		22382333176D189D008E9CED /* heart@2x.png in Resources */ = {isa = PBXBuildFile; fileRef = 22382325176D189D008E9CED /* heart@2x.png */; };
		22382334176D189D008E9CED /* shadow.png in Resources */ = {isa = PBXBuildFile; fileRef = 22382326176D189D008E9CED /* shadow.png */; };
		22382335176D189D008E9CED /* shadow@2x.png in Resources */ = {isa = PBXBuildFile; fileRef = 22382327176D189D008E9CED /* shadow@2x.png */; };
		22382336176D189D008E9CED /* star.png in Resources */ = {isa = PBXBuildFile; fileRef = 22382328176D189D008E9CED /* star.png */; };
		22382337176D189D008E9CED /* star@2x.png in Resources */ = {isa = PBXBuildFile; fileRef = 22382329176D189D008E9CED /* star@2x.png */; };
		22382338176D189D008E9CED /* stats.png in Resources */ = {isa = PBXBuildFile; fileRef = 2238232A176D189D008E9CED /* stats.png */; };
		22382339176D189D008E9CED /* stats@2x.png in Resources */ = {isa = PBXBuildFile; fileRef = 2238232B176D189D008E9CED /* stats@2x.png */; };
		2261F730176CDF1500CB2213 /* MAMReaderViewController.m in Sources */ = {isa = PBXBuildFile; fileRef = 2261F72F176CDF1500CB2213 /* MAMReaderViewController.m */; };
		2261F732176CE2E300CB2213 /* view.html in Resources */ = {isa = PBXBuildFile; fileRef = 2261F731176CE2E300CB2213 /* view.html */; };
		226339AC177B85A700B2270A /* MAMSlideNavigationViewController.m in Sources */ = {isa = PBXBuildFile; fileRef = 226339AB177B85A700B2270A /* MAMSlideNavigationViewController.m */; };
		226BA886177221B800FD34B1 /* MAMButton.m in Sources */ = {isa = PBXBuildFile; fileRef = 226BA885177221B800FD34B1 /* MAMButton.m */; };
		2299522C17732C6900033D6F /* arrow-down.png in Resources */ = {isa = PBXBuildFile; fileRef = 2299522217732C6900033D6F /* arrow-down.png */; };
		2299522D17732C6900033D6F /* arrow-down@2x.png in Resources */ = {isa = PBXBuildFile; fileRef = 2299522317732C6900033D6F /* arrow-down@2x.png */; };
		2299522E17732C6900033D6F /* arrow-up.png in Resources */ = {isa = PBXBuildFile; fileRef = 2299522417732C6900033D6F /* arrow-up.png */; };
		2299522F17732C6900033D6F /* arrow-up@2x.png in Resources */ = {isa = PBXBuildFile; fileRef = 2299522517732C6900033D6F /* arrow-up@2x.png */; };
		2299523017732C6900033D6F /* back.png in Resources */ = {isa = PBXBuildFile; fileRef = 2299522617732C6900033D6F /* back.png */; };
		2299523117732C6900033D6F /* back@2x.png in Resources */ = {isa = PBXBuildFile; fileRef = 2299522717732C6900033D6F /* back@2x.png */; };
		2299523417732C6900033D6F /* font.png in Resources */ = {isa = PBXBuildFile; fileRef = 2299522A17732C6900033D6F /* font.png */; };
		2299523517732C6900033D6F /* font@2x.png in Resources */ = {isa = PBXBuildFile; fileRef = 2299522B17732C6900033D6F /* font@2x.png */; };
		2299523817732FBA00033D6F /* share.png in Resources */ = {isa = PBXBuildFile; fileRef = 2299523617732FBA00033D6F /* share.png */; };
		2299523917732FBA00033D6F /* share@2x.png in Resources */ = {isa = PBXBuildFile; fileRef = 2299523717732FBA00033D6F /* share@2x.png */; };
		2299523F17733B2B00033D6F /* comment.png in Resources */ = {isa = PBXBuildFile; fileRef = 2299523E17733B2B00033D6F /* comment.png */; };
		2299524117733BB900033D6F /* comment@2x.png in Resources */ = {isa = PBXBuildFile; fileRef = 2299524017733BB900033D6F /* comment@2x.png */; };
		2299524C17739E9500033D6F /* arrow-left.png in Resources */ = {isa = PBXBuildFile; fileRef = 2299524617739E9500033D6F /* arrow-left.png */; };
		2299524D17739E9500033D6F /* arrow-left@2x.png in Resources */ = {isa = PBXBuildFile; fileRef = 2299524717739E9500033D6F /* arrow-left@2x.png */; };
		2299524E17739E9500033D6F /* arrow-right.png in Resources */ = {isa = PBXBuildFile; fileRef = 2299524817739E9500033D6F /* arrow-right.png */; };
		2299524F17739E9500033D6F /* arrow-right@2x.png in Resources */ = {isa = PBXBuildFile; fileRef = 2299524917739E9500033D6F /* arrow-right@2x.png */; };
		2299525017739E9500033D6F /* back-white.png in Resources */ = {isa = PBXBuildFile; fileRef = 2299524A17739E9500033D6F /* back-white.png */; };
		2299525117739E9500033D6F /* back-white@2x.png in Resources */ = {isa = PBXBuildFile; fileRef = 2299524B17739E9500033D6F /* back-white@2x.png */; };
		2299525817739F1A00033D6F /* cancel-white.png in Resources */ = {isa = PBXBuildFile; fileRef = 2299525417739F1900033D6F /* cancel-white.png */; };
		2299525917739F1A00033D6F /* cancel-white@2x.png in Resources */ = {isa = PBXBuildFile; fileRef = 2299525517739F1900033D6F /* cancel-white@2x.png */; };
		2299525A17739F1A00033D6F /* share-white.png in Resources */ = {isa = PBXBuildFile; fileRef = 2299525617739F1900033D6F /* share-white.png */; };
		2299525B17739F1A00033D6F /* share-white@2x.png in Resources */ = {isa = PBXBuildFile; fileRef = 2299525717739F1A00033D6F /* share-white@2x.png */; };
		2299527C1773B16500033D6F /* Safari.png in Resources */ = {isa = PBXBuildFile; fileRef = 229952761773B16500033D6F /* Safari.png */; };
		2299527D1773B16500033D6F /* Safari@2x.png in Resources */ = {isa = PBXBuildFile; fileRef = 229952771773B16500033D6F /* Safari@2x.png */; };
		2299527E1773B16500033D6F /* Safari@2x~ipad.png in Resources */ = {isa = PBXBuildFile; fileRef = 229952781773B16500033D6F /* Safari@2x~ipad.png */; };
		2299527F1773B16500033D6F /* Safari~ipad.png in Resources */ = {isa = PBXBuildFile; fileRef = 229952791773B16500033D6F /* Safari~ipad.png */; };
		229952801773B16500033D6F /* TUSafariActivity.m in Sources */ = {isa = PBXBuildFile; fileRef = 2299527B1773B16500033D6F /* TUSafariActivity.m */; };
		229952821773BACB00033D6F /* MainStoryboard_iPad.storyboard in Resources */ = {isa = PBXBuildFile; fileRef = 229952811773BACA00033D6F /* MainStoryboard_iPad.storyboard */; };
		229952841773C76500033D6F /* background_page.png in Resources */ = {isa = PBXBuildFile; fileRef = 229952831773C76500033D6F /* background_page.png */; };
		229952861773C78100033D6F /* line_shadow.png in Resources */ = {isa = PBXBuildFile; fileRef = 229952851773C78100033D6F /* line_shadow.png */; };
		229952881773C90800033D6F /* view_Pad.html in Resources */ = {isa = PBXBuildFile; fileRef = 229952871773C90700033D6F /* view_Pad.html */; };
		2299528A1774435200033D6F /* 57.png in Resources */ = {isa = PBXBuildFile; fileRef = 229952891774435100033D6F /* 57.png */; };
		2299528C1774435B00033D6F /* 114.png in Resources */ = {isa = PBXBuildFile; fileRef = 2299528B1774435B00033D6F /* 114.png */; };
		2299528E1774436700033D6F /* 72.png in Resources */ = {isa = PBXBuildFile; fileRef = 2299528D1774436700033D6F /* 72.png */; };
		229952901774436A00033D6F /* 144.png in Resources */ = {isa = PBXBuildFile; fileRef = 2299528F1774436A00033D6F /* 144.png */; };
		229952921774448700033D6F /* Default-568h@2x.png in Resources */ = {isa = PBXBuildFile; fileRef = 229952911774448700033D6F /* Default-568h@2x.png */; };
		229952941774455800033D6F /* Default@2x.png in Resources */ = {isa = PBXBuildFile; fileRef = 229952931774455800033D6F /* Default@2x.png */; };
		22995296177445F700033D6F /* Default.png in Resources */ = {isa = PBXBuildFile; fileRef = 22995295177445F500033D6F /* Default.png */; };
		22995298177449A300033D6F /* Default-Portrait~ipad.png in Resources */ = {isa = PBXBuildFile; fileRef = 22995297177449A200033D6F /* Default-Portrait~ipad.png */; };
		2299529A177449AC00033D6F /* Default-Landscape~ipad.png in Resources */ = {isa = PBXBuildFile; fileRef = 22995299177449AB00033D6F /* Default-Landscape~ipad.png */; };
		2299529C17744ADC00033D6F /* Default-Landscape@2x~ipad.png in Resources */ = {isa = PBXBuildFile; fileRef = 2299529B17744ADC00033D6F /* Default-Landscape@2x~ipad.png */; };
		2299529E17744AFF00033D6F /* Default-Portrait@2x~ipad.png in Resources */ = {isa = PBXBuildFile; fileRef = 2299529D17744AFE00033D6F /* Default-Portrait@2x~ipad.png */; };
		229C34E31782016D00CC56E1 /* Readability-activity-iPad.png in Resources */ = {isa = PBXBuildFile; fileRef = 229C34DD1782016D00CC56E1 /* Readability-activity-iPad.png */; };
		229C34E41782016D00CC56E1 /* Readability-activity-iPad@2x.png in Resources */ = {isa = PBXBuildFile; fileRef = 229C34DE1782016D00CC56E1 /* Readability-activity-iPad@2x.png */; };
		229C34E51782016D00CC56E1 /* Readability-activity-iPhone.png in Resources */ = {isa = PBXBuildFile; fileRef = 229C34DF1782016D00CC56E1 /* Readability-activity-iPhone.png */; };
		229C34E61782016D00CC56E1 /* Readability-activity-iPhone@2x.png in Resources */ = {isa = PBXBuildFile; fileRef = 229C34E01782016D00CC56E1 /* Readability-activity-iPhone@2x.png */; };
		229C34E71782016D00CC56E1 /* ReadabilityActivity.m in Sources */ = {isa = PBXBuildFile; fileRef = 229C34E21782016D00CC56E1 /* ReadabilityActivity.m */; };
		22B2650A176DA934001D6656 /* MAMWebViewController.m in Sources */ = {isa = PBXBuildFile; fileRef = 22B26509176DA934001D6656 /* MAMWebViewController.m */; };
		22B26510176DE7AC001D6656 /* NSString+Additions.m in Sources */ = {isa = PBXBuildFile; fileRef = 22B2650F176DE7AC001D6656 /* NSString+Additions.m */; };
		22B26513176DF4FC001D6656 /* MAMCommentsViewController.m in Sources */ = {isa = PBXBuildFile; fileRef = 22B26512176DF4FC001D6656 /* MAMCommentsViewController.m */; };
		22CB50B8176F333F006DA4AC /* TFHpple.m in Sources */ = {isa = PBXBuildFile; fileRef = 22CB50B3176F333F006DA4AC /* TFHpple.m */; };
		22CB50B9176F333F006DA4AC /* TFHppleElement.m in Sources */ = {isa = PBXBuildFile; fileRef = 22CB50B5176F333F006DA4AC /* TFHppleElement.m */; };
		22CB50BA176F333F006DA4AC /* XPathQuery.m in Sources */ = {isa = PBXBuildFile; fileRef = 22CB50B7176F333F006DA4AC /* XPathQuery.m */; };
		22CB50BD176F5416006DA4AC /* MAMCommentTableViewCell.m in Sources */ = {isa = PBXBuildFile; fileRef = 22CB50BC176F5416006DA4AC /* MAMCommentTableViewCell.m */; };
		22CB50D4176FA375006DA4AC /* TTTAttributedLabel.m in Sources */ = {isa = PBXBuildFile; fileRef = 22CB50D3176FA375006DA4AC /* TTTAttributedLabel.m */; };
		22CB50D6176FA4CC006DA4AC /* CoreText.framework in Frameworks */ = {isa = PBXBuildFile; fileRef = 22CB50D5176FA4CC006DA4AC /* CoreText.framework */; };
		22E8DD5C1782E7F800137E75 /* UIView+AnchorPoint.m in Sources */ = {isa = PBXBuildFile; fileRef = 22E8DD5B1782E7F800137E75 /* UIView+AnchorPoint.m */; };
/* End PBXBuildFile section */

/* Begin PBXFileReference section */
		22319188176C3AEA0006084D /* Hacker News.app */ = {isa = PBXFileReference; explicitFileType = wrapper.application; includeInIndex = 0; path = "Hacker News.app"; sourceTree = BUILT_PRODUCTS_DIR; };
		2231918B176C3AEA0006084D /* UIKit.framework */ = {isa = PBXFileReference; lastKnownFileType = wrapper.framework; name = UIKit.framework; path = System/Library/Frameworks/UIKit.framework; sourceTree = SDKROOT; };
		2231918D176C3AEA0006084D /* Foundation.framework */ = {isa = PBXFileReference; lastKnownFileType = wrapper.framework; name = Foundation.framework; path = System/Library/Frameworks/Foundation.framework; sourceTree = SDKROOT; };
		2231918F176C3AEA0006084D /* CoreGraphics.framework */ = {isa = PBXFileReference; lastKnownFileType = wrapper.framework; name = CoreGraphics.framework; path = System/Library/Frameworks/CoreGraphics.framework; sourceTree = SDKROOT; };
		22319193176C3AEA0006084D /* Hacker News-Info.plist */ = {isa = PBXFileReference; lastKnownFileType = text.plist.xml; path = "Hacker News-Info.plist"; sourceTree = "<group>"; };
		22319195176C3AEA0006084D /* en */ = {isa = PBXFileReference; lastKnownFileType = text.plist.strings; name = en; path = en.lproj/InfoPlist.strings; sourceTree = "<group>"; };
		22319197176C3AEA0006084D /* main.m */ = {isa = PBXFileReference; lastKnownFileType = sourcecode.c.objc; path = main.m; sourceTree = "<group>"; };
		22319199176C3AEA0006084D /* Hacker News-Prefix.pch */ = {isa = PBXFileReference; lastKnownFileType = sourcecode.c.h; path = "Hacker News-Prefix.pch"; sourceTree = "<group>"; };
		2231919A176C3AEA0006084D /* MAMAppDelegate.h */ = {isa = PBXFileReference; lastKnownFileType = sourcecode.c.h; path = MAMAppDelegate.h; sourceTree = "<group>"; };
		2231919B176C3AEA0006084D /* MAMAppDelegate.m */ = {isa = PBXFileReference; lastKnownFileType = sourcecode.c.objc; path = MAMAppDelegate.m; sourceTree = "<group>"; };
		223191A4176C3AEA0006084D /* en */ = {isa = PBXFileReference; lastKnownFileType = file.storyboard; name = en; path = en.lproj/MainStoryboard.storyboard; sourceTree = "<group>"; };
		223191A6176C3AEA0006084D /* MAMViewController.h */ = {isa = PBXFileReference; lastKnownFileType = sourcecode.c.h; path = MAMViewController.h; sourceTree = "<group>"; };
		223191A7176C3AEA0006084D /* MAMViewController.m */ = {isa = PBXFileReference; lastKnownFileType = sourcecode.c.objc; path = MAMViewController.m; sourceTree = "<group>"; };
		223191B0176C4DD00006084D /* MAMHNController.h */ = {isa = PBXFileReference; fileEncoding = 4; lastKnownFileType = sourcecode.c.h; path = MAMHNController.h; sourceTree = "<group>"; };
		223191B1176C4DD00006084D /* MAMHNController.m */ = {isa = PBXFileReference; fileEncoding = 4; lastKnownFileType = sourcecode.c.objc; path = MAMHNController.m; sourceTree = "<group>"; };
		223191B3176C4DE20006084D /* MAMHNStory.h */ = {isa = PBXFileReference; fileEncoding = 4; lastKnownFileType = sourcecode.c.h; path = MAMHNStory.h; sourceTree = "<group>"; };
		223191B4176C4DE20006084D /* MAMHNStory.m */ = {isa = PBXFileReference; fileEncoding = 4; lastKnownFileType = sourcecode.c.objc; path = MAMHNStory.m; sourceTree = "<group>"; };
		223191B6176C527D0006084D /* QuartzCore.framework */ = {isa = PBXFileReference; lastKnownFileType = wrapper.framework; name = QuartzCore.framework; path = System/Library/Frameworks/QuartzCore.framework; sourceTree = SDKROOT; };
		223191BB176C5E4F0006084D /* AFHTTPClient.h */ = {isa = PBXFileReference; fileEncoding = 4; lastKnownFileType = sourcecode.c.h; path = AFHTTPClient.h; sourceTree = "<group>"; };
		223191BC176C5E4F0006084D /* AFHTTPClient.m */ = {isa = PBXFileReference; fileEncoding = 4; lastKnownFileType = sourcecode.c.objc; path = AFHTTPClient.m; sourceTree = "<group>"; };
		223191BD176C5E4F0006084D /* AFHTTPRequestOperation.h */ = {isa = PBXFileReference; fileEncoding = 4; lastKnownFileType = sourcecode.c.h; path = AFHTTPRequestOperation.h; sourceTree = "<group>"; };
		223191BE176C5E4F0006084D /* AFHTTPRequestOperation.m */ = {isa = PBXFileReference; fileEncoding = 4; lastKnownFileType = sourcecode.c.objc; path = AFHTTPRequestOperation.m; sourceTree = "<group>"; };
		223191BF176C5E4F0006084D /* AFImageRequestOperation.h */ = {isa = PBXFileReference; fileEncoding = 4; lastKnownFileType = sourcecode.c.h; path = AFImageRequestOperation.h; sourceTree = "<group>"; };
		223191C0176C5E4F0006084D /* AFImageRequestOperation.m */ = {isa = PBXFileReference; fileEncoding = 4; lastKnownFileType = sourcecode.c.objc; path = AFImageRequestOperation.m; sourceTree = "<group>"; };
		223191C1176C5E4F0006084D /* AFJSONRequestOperation.h */ = {isa = PBXFileReference; fileEncoding = 4; lastKnownFileType = sourcecode.c.h; path = AFJSONRequestOperation.h; sourceTree = "<group>"; };
		223191C2176C5E4F0006084D /* AFJSONRequestOperation.m */ = {isa = PBXFileReference; fileEncoding = 4; lastKnownFileType = sourcecode.c.objc; path = AFJSONRequestOperation.m; sourceTree = "<group>"; };
		223191C3176C5E4F0006084D /* AFNetworkActivityIndicatorManager.h */ = {isa = PBXFileReference; fileEncoding = 4; lastKnownFileType = sourcecode.c.h; path = AFNetworkActivityIndicatorManager.h; sourceTree = "<group>"; };
		223191C4176C5E4F0006084D /* AFNetworkActivityIndicatorManager.m */ = {isa = PBXFileReference; fileEncoding = 4; lastKnownFileType = sourcecode.c.objc; path = AFNetworkActivityIndicatorManager.m; sourceTree = "<group>"; };
		223191C5176C5E4F0006084D /* AFNetworking.h */ = {isa = PBXFileReference; fileEncoding = 4; lastKnownFileType = sourcecode.c.h; path = AFNetworking.h; sourceTree = "<group>"; };
		223191C6176C5E4F0006084D /* AFPropertyListRequestOperation.h */ = {isa = PBXFileReference; fileEncoding = 4; lastKnownFileType = sourcecode.c.h; path = AFPropertyListRequestOperation.h; sourceTree = "<group>"; };
		223191C7176C5E4F0006084D /* AFPropertyListRequestOperation.m */ = {isa = PBXFileReference; fileEncoding = 4; lastKnownFileType = sourcecode.c.objc; path = AFPropertyListRequestOperation.m; sourceTree = "<group>"; };
		223191C8176C5E4F0006084D /* AFURLConnectionOperation.h */ = {isa = PBXFileReference; fileEncoding = 4; lastKnownFileType = sourcecode.c.h; path = AFURLConnectionOperation.h; sourceTree = "<group>"; };
		223191C9176C5E4F0006084D /* AFURLConnectionOperation.m */ = {isa = PBXFileReference; fileEncoding = 4; lastKnownFileType = sourcecode.c.objc; path = AFURLConnectionOperation.m; sourceTree = "<group>"; };
		223191CA176C5E4F0006084D /* AFXMLRequestOperation.h */ = {isa = PBXFileReference; fileEncoding = 4; lastKnownFileType = sourcecode.c.h; path = AFXMLRequestOperation.h; sourceTree = "<group>"; };
		223191CB176C5E4F0006084D /* AFXMLRequestOperation.m */ = {isa = PBXFileReference; fileEncoding = 4; lastKnownFileType = sourcecode.c.objc; path = AFXMLRequestOperation.m; sourceTree = "<group>"; };
		223191CC176C5E4F0006084D /* UIImageView+AFNetworking.h */ = {isa = PBXFileReference; fileEncoding = 4; lastKnownFileType = sourcecode.c.h; path = "UIImageView+AFNetworking.h"; sourceTree = "<group>"; };
		223191CD176C5E4F0006084D /* UIImageView+AFNetworking.m */ = {isa = PBXFileReference; fileEncoding = 4; lastKnownFileType = sourcecode.c.objc; path = "UIImageView+AFNetworking.m"; sourceTree = "<group>"; };
		223191DA176C5EB40006084D /* MAMStoryTableViewCell.h */ = {isa = PBXFileReference; fileEncoding = 4; lastKnownFileType = sourcecode.c.h; path = MAMStoryTableViewCell.h; sourceTree = "<group>"; };
		223191DB176C5EB40006084D /* MAMStoryTableViewCell.m */ = {isa = PBXFileReference; fileEncoding = 4; lastKnownFileType = sourcecode.c.objc; path = MAMStoryTableViewCell.m; sourceTree = "<group>"; };
		223191DD176C5ECF0006084D /* MobileCoreServices.framework */ = {isa = PBXFileReference; lastKnownFileType = wrapper.framework; name = MobileCoreServices.framework; path = System/Library/Frameworks/MobileCoreServices.framework; sourceTree = SDKROOT; };
		223191DF176C5ED40006084D /* SystemConfiguration.framework */ = {isa = PBXFileReference; lastKnownFileType = wrapper.framework; name = SystemConfiguration.framework; path = System/Library/Frameworks/SystemConfiguration.framework; sourceTree = SDKROOT; };
		22319219176C6E9B0006084D /* libxml2.dylib */ = {isa = PBXFileReference; lastKnownFileType = "compiled.mach-o.dylib"; name = libxml2.dylib; path = usr/lib/libxml2.dylib; sourceTree = SDKROOT; };
		2231921B176C6EBB0006084D /* libz.dylib */ = {isa = PBXFileReference; lastKnownFileType = "compiled.mach-o.dylib"; name = libz.dylib; path = usr/lib/libz.dylib; sourceTree = SDKROOT; };
		223207AD176CC6540036EC23 /* RXMLElement.h */ = {isa = PBXFileReference; fileEncoding = 4; lastKnownFileType = sourcecode.c.h; name = RXMLElement.h; path = "Hacker News/RXMLElement.h"; sourceTree = SOURCE_ROOT; };
		223207AE176CC6540036EC23 /* RXMLElement.m */ = {isa = PBXFileReference; fileEncoding = 4; lastKnownFileType = sourcecode.c.objc; name = RXMLElement.m; path = "Hacker News/RXMLElement.m"; sourceTree = SOURCE_ROOT; };
		223246B9178008F700707BCD /* PocketActivity@2x~ipad.png */ = {isa = PBXFileReference; lastKnownFileType = image.png; path = "PocketActivity@2x~ipad.png"; sourceTree = "<group>"; };
		223246BA178008F700707BCD /* PocketActivity@2x~iphone.png */ = {isa = PBXFileReference; lastKnownFileType = image.png; path = "PocketActivity@2x~iphone.png"; sourceTree = "<group>"; };
		223246BB178008F700707BCD /* PocketActivity~ipad.png */ = {isa = PBXFileReference; lastKnownFileType = image.png; path = "PocketActivity~ipad.png"; sourceTree = "<group>"; };
		223246BC178008F700707BCD /* PocketActivity~iphone.png */ = {isa = PBXFileReference; lastKnownFileType = image.png; path = "PocketActivity~iphone.png"; sourceTree = "<group>"; };
		223246BD178008F700707BCD /* PocketAPI+NSOperation.h */ = {isa = PBXFileReference; fileEncoding = 4; lastKnownFileType = sourcecode.c.h; path = "PocketAPI+NSOperation.h"; sourceTree = "<group>"; };
		223246BE178008F700707BCD /* PocketAPI.h */ = {isa = PBXFileReference; fileEncoding = 4; lastKnownFileType = sourcecode.c.h; path = PocketAPI.h; sourceTree = "<group>"; };
		223246BF178008F700707BCD /* PocketAPI.m */ = {isa = PBXFileReference; fileEncoding = 4; lastKnownFileType = sourcecode.c.objc; path = PocketAPI.m; sourceTree = "<group>"; };
		223246C0178008F700707BCD /* PocketAPIActivity.h */ = {isa = PBXFileReference; fileEncoding = 4; lastKnownFileType = sourcecode.c.h; path = PocketAPIActivity.h; sourceTree = "<group>"; };
		223246C1178008F700707BCD /* PocketAPIActivity.m */ = {isa = PBXFileReference; fileEncoding = 4; lastKnownFileType = sourcecode.c.objc; path = PocketAPIActivity.m; sourceTree = "<group>"; };
		223246C2178008F700707BCD /* PocketAPILogin.h */ = {isa = PBXFileReference; fileEncoding = 4; lastKnownFileType = sourcecode.c.h; path = PocketAPILogin.h; sourceTree = "<group>"; };
		223246C3178008F700707BCD /* PocketAPILogin.m */ = {isa = PBXFileReference; fileEncoding = 4; lastKnownFileType = sourcecode.c.objc; path = PocketAPILogin.m; sourceTree = "<group>"; };
		223246C4178008F700707BCD /* PocketAPIOperation.h */ = {isa = PBXFileReference; fileEncoding = 4; lastKnownFileType = sourcecode.c.h; path = PocketAPIOperation.h; sourceTree = "<group>"; };
		223246C5178008F700707BCD /* PocketAPIOperation.m */ = {isa = PBXFileReference; fileEncoding = 4; lastKnownFileType = sourcecode.c.objc; path = PocketAPIOperation.m; sourceTree = "<group>"; };
		223246C6178008F700707BCD /* PocketAPITypes.h */ = {isa = PBXFileReference; fileEncoding = 4; lastKnownFileType = sourcecode.c.h; path = PocketAPITypes.h; sourceTree = "<group>"; };
		223246C7178008F700707BCD /* SFHFKeychainUtils.h */ = {isa = PBXFileReference; fileEncoding = 4; lastKnownFileType = sourcecode.c.h; path = SFHFKeychainUtils.h; sourceTree = "<group>"; };
		223246C8178008F700707BCD /* SFHFKeychainUtils.m */ = {isa = PBXFileReference; fileEncoding = 4; lastKnownFileType = sourcecode.c.objc; path = SFHFKeychainUtils.m; sourceTree = "<group>"; };
		223246D21780091300707BCD /* MAMConstants.h */ = {isa = PBXFileReference; fileEncoding = 4; lastKnownFileType = sourcecode.c.h; path = MAMConstants.h; sourceTree = "<group>"; };
		223246D31780099A00707BCD /* Security.framework */ = {isa = PBXFileReference; lastKnownFileType = wrapper.framework; name = Security.framework; path = System/Library/Frameworks/Security.framework; sourceTree = SDKROOT; };
		22371B4B176E568500F05CE3 /* MAMHNComment.h */ = {isa = PBXFileReference; fileEncoding = 4; lastKnownFileType = sourcecode.c.h; path = MAMHNComment.h; sourceTree = "<group>"; };
		22371B4C176E568500F05CE3 /* MAMHNComment.m */ = {isa = PBXFileReference; fileEncoding = 4; lastKnownFileType = sourcecode.c.objc; path = MAMHNComment.m; sourceTree = "<group>"; };
		2238231E176D189D008E9CED /* badge.png */ = {isa = PBXFileReference; lastKnownFileType = image.png; path = badge.png; sourceTree = "<group>"; };
		2238231F176D189D008E9CED /* badge@2x.png */ = {isa = PBXFileReference; lastKnownFileType = image.png; path = "badge@2x.png"; sourceTree = "<group>"; };
		22382320176D189D008E9CED /* best.png */ = {isa = PBXFileReference; lastKnownFileType = image.png; path = best.png; sourceTree = "<group>"; };
		22382321176D189D008E9CED /* best@2x.png */ = {isa = PBXFileReference; lastKnownFileType = image.png; path = "best@2x.png"; sourceTree = "<group>"; };
		22382322176D189D008E9CED /* clock.png */ = {isa = PBXFileReference; lastKnownFileType = image.png; path = clock.png; sourceTree = "<group>"; };
		22382323176D189D008E9CED /* clock@2x.png */ = {isa = PBXFileReference; lastKnownFileType = image.png; path = "clock@2x.png"; sourceTree = "<group>"; };
		22382324176D189D008E9CED /* heart.png */ = {isa = PBXFileReference; lastKnownFileType = image.png; path = heart.png; sourceTree = "<group>"; };
		22382325176D189D008E9CED /* heart@2x.png */ = {isa = PBXFileReference; lastKnownFileType = image.png; path = "heart@2x.png"; sourceTree = "<group>"; };
		22382326176D189D008E9CED /* shadow.png */ = {isa = PBXFileReference; lastKnownFileType = image.png; path = shadow.png; sourceTree = "<group>"; };
		22382327176D189D008E9CED /* shadow@2x.png */ = {isa = PBXFileReference; lastKnownFileType = image.png; path = "shadow@2x.png"; sourceTree = "<group>"; };
		22382328176D189D008E9CED /* star.png */ = {isa = PBXFileReference; lastKnownFileType = image.png; path = star.png; sourceTree = "<group>"; };
		22382329176D189D008E9CED /* star@2x.png */ = {isa = PBXFileReference; lastKnownFileType = image.png; path = "star@2x.png"; sourceTree = "<group>"; };
		2238232A176D189D008E9CED /* stats.png */ = {isa = PBXFileReference; lastKnownFileType = image.png; path = stats.png; sourceTree = "<group>"; };
		2238232B176D189D008E9CED /* stats@2x.png */ = {isa = PBXFileReference; lastKnownFileType = image.png; path = "stats@2x.png"; sourceTree = "<group>"; };
		2261F72E176CDF1500CB2213 /* MAMReaderViewController.h */ = {isa = PBXFileReference; fileEncoding = 4; lastKnownFileType = sourcecode.c.h; path = MAMReaderViewController.h; sourceTree = "<group>"; };
		2261F72F176CDF1500CB2213 /* MAMReaderViewController.m */ = {isa = PBXFileReference; fileEncoding = 4; lastKnownFileType = sourcecode.c.objc; path = MAMReaderViewController.m; sourceTree = "<group>"; };
		2261F731176CE2E300CB2213 /* view.html */ = {isa = PBXFileReference; fileEncoding = 4; lastKnownFileType = text.html; path = view.html; sourceTree = "<group>"; };
		226339AA177B85A700B2270A /* MAMSlideNavigationViewController.h */ = {isa = PBXFileReference; fileEncoding = 4; lastKnownFileType = sourcecode.c.h; path = MAMSlideNavigationViewController.h; sourceTree = "<group>"; };
		226339AB177B85A700B2270A /* MAMSlideNavigationViewController.m */ = {isa = PBXFileReference; fileEncoding = 4; lastKnownFileType = sourcecode.c.objc; path = MAMSlideNavigationViewController.m; sourceTree = "<group>"; };
		226BA884177221B800FD34B1 /* MAMButton.h */ = {isa = PBXFileReference; fileEncoding = 4; lastKnownFileType = sourcecode.c.h; path = MAMButton.h; sourceTree = "<group>"; };
		226BA885177221B800FD34B1 /* MAMButton.m */ = {isa = PBXFileReference; fileEncoding = 4; lastKnownFileType = sourcecode.c.objc; path = MAMButton.m; sourceTree = "<group>"; };
		2299522217732C6900033D6F /* arrow-down.png */ = {isa = PBXFileReference; lastKnownFileType = image.png; path = "arrow-down.png"; sourceTree = "<group>"; };
		2299522317732C6900033D6F /* arrow-down@2x.png */ = {isa = PBXFileReference; lastKnownFileType = image.png; path = "arrow-down@2x.png"; sourceTree = "<group>"; };
		2299522417732C6900033D6F /* arrow-up.png */ = {isa = PBXFileReference; lastKnownFileType = image.png; path = "arrow-up.png"; sourceTree = "<group>"; };
		2299522517732C6900033D6F /* arrow-up@2x.png */ = {isa = PBXFileReference; lastKnownFileType = image.png; path = "arrow-up@2x.png"; sourceTree = "<group>"; };
		2299522617732C6900033D6F /* back.png */ = {isa = PBXFileReference; lastKnownFileType = image.png; path = back.png; sourceTree = "<group>"; };
		2299522717732C6900033D6F /* back@2x.png */ = {isa = PBXFileReference; lastKnownFileType = image.png; path = "back@2x.png"; sourceTree = "<group>"; };
		2299522A17732C6900033D6F /* font.png */ = {isa = PBXFileReference; lastKnownFileType = image.png; path = font.png; sourceTree = "<group>"; };
		2299522B17732C6900033D6F /* font@2x.png */ = {isa = PBXFileReference; lastKnownFileType = image.png; path = "font@2x.png"; sourceTree = "<group>"; };
		2299523617732FBA00033D6F /* share.png */ = {isa = PBXFileReference; lastKnownFileType = image.png; path = share.png; sourceTree = "<group>"; };
		2299523717732FBA00033D6F /* share@2x.png */ = {isa = PBXFileReference; lastKnownFileType = image.png; path = "share@2x.png"; sourceTree = "<group>"; };
		2299523E17733B2B00033D6F /* comment.png */ = {isa = PBXFileReference; lastKnownFileType = image.png; path = comment.png; sourceTree = "<group>"; };
		2299524017733BB900033D6F /* comment@2x.png */ = {isa = PBXFileReference; lastKnownFileType = image.png; path = "comment@2x.png"; sourceTree = "<group>"; };
		2299524617739E9500033D6F /* arrow-left.png */ = {isa = PBXFileReference; lastKnownFileType = image.png; path = "arrow-left.png"; sourceTree = "<group>"; };
		2299524717739E9500033D6F /* arrow-left@2x.png */ = {isa = PBXFileReference; lastKnownFileType = image.png; path = "arrow-left@2x.png"; sourceTree = "<group>"; };
		2299524817739E9500033D6F /* arrow-right.png */ = {isa = PBXFileReference; lastKnownFileType = image.png; path = "arrow-right.png"; sourceTree = "<group>"; };
		2299524917739E9500033D6F /* arrow-right@2x.png */ = {isa = PBXFileReference; lastKnownFileType = image.png; path = "arrow-right@2x.png"; sourceTree = "<group>"; };
		2299524A17739E9500033D6F /* back-white.png */ = {isa = PBXFileReference; lastKnownFileType = image.png; path = "back-white.png"; sourceTree = "<group>"; };
		2299524B17739E9500033D6F /* back-white@2x.png */ = {isa = PBXFileReference; lastKnownFileType = image.png; path = "back-white@2x.png"; sourceTree = "<group>"; };
		2299525417739F1900033D6F /* cancel-white.png */ = {isa = PBXFileReference; lastKnownFileType = image.png; path = "cancel-white.png"; sourceTree = "<group>"; };
		2299525517739F1900033D6F /* cancel-white@2x.png */ = {isa = PBXFileReference; lastKnownFileType = image.png; path = "cancel-white@2x.png"; sourceTree = "<group>"; };
		2299525617739F1900033D6F /* share-white.png */ = {isa = PBXFileReference; lastKnownFileType = image.png; path = "share-white.png"; sourceTree = "<group>"; };
		2299525717739F1A00033D6F /* share-white@2x.png */ = {isa = PBXFileReference; lastKnownFileType = image.png; path = "share-white@2x.png"; sourceTree = "<group>"; };
		229952761773B16500033D6F /* Safari.png */ = {isa = PBXFileReference; lastKnownFileType = image.png; path = Safari.png; sourceTree = "<group>"; };
		229952771773B16500033D6F /* Safari@2x.png */ = {isa = PBXFileReference; lastKnownFileType = image.png; path = "Safari@2x.png"; sourceTree = "<group>"; };
		229952781773B16500033D6F /* Safari@2x~ipad.png */ = {isa = PBXFileReference; lastKnownFileType = image.png; path = "Safari@2x~ipad.png"; sourceTree = "<group>"; };
		229952791773B16500033D6F /* Safari~ipad.png */ = {isa = PBXFileReference; lastKnownFileType = image.png; path = "Safari~ipad.png"; sourceTree = "<group>"; };
		2299527A1773B16500033D6F /* TUSafariActivity.h */ = {isa = PBXFileReference; fileEncoding = 4; lastKnownFileType = sourcecode.c.h; path = TUSafariActivity.h; sourceTree = "<group>"; };
		2299527B1773B16500033D6F /* TUSafariActivity.m */ = {isa = PBXFileReference; fileEncoding = 4; lastKnownFileType = sourcecode.c.objc; path = TUSafariActivity.m; sourceTree = "<group>"; };
		229952811773BACA00033D6F /* MainStoryboard_iPad.storyboard */ = {isa = PBXFileReference; fileEncoding = 4; lastKnownFileType = file.storyboard; path = MainStoryboard_iPad.storyboard; sourceTree = "<group>"; };
		229952831773C76500033D6F /* background_page.png */ = {isa = PBXFileReference; lastKnownFileType = image.png; path = background_page.png; sourceTree = "<group>"; };
		229952851773C78100033D6F /* line_shadow.png */ = {isa = PBXFileReference; lastKnownFileType = image.png; path = line_shadow.png; sourceTree = "<group>"; };
		229952871773C90700033D6F /* view_Pad.html */ = {isa = PBXFileReference; fileEncoding = 4; lastKnownFileType = text.html; path = view_Pad.html; sourceTree = "<group>"; };
		229952891774435100033D6F /* 57.png */ = {isa = PBXFileReference; lastKnownFileType = image.png; name = 57.png; path = ../57.png; sourceTree = "<group>"; };
		2299528B1774435B00033D6F /* 114.png */ = {isa = PBXFileReference; lastKnownFileType = image.png; name = 114.png; path = ../114.png; sourceTree = "<group>"; };
		2299528D1774436700033D6F /* 72.png */ = {isa = PBXFileReference; lastKnownFileType = image.png; name = 72.png; path = ../72.png; sourceTree = "<group>"; };
		2299528F1774436A00033D6F /* 144.png */ = {isa = PBXFileReference; lastKnownFileType = image.png; name = 144.png; path = ../144.png; sourceTree = "<group>"; };
		229952911774448700033D6F /* Default-568h@2x.png */ = {isa = PBXFileReference; lastKnownFileType = image.png; name = "Default-568h@2x.png"; path = "../Default-568h@2x.png"; sourceTree = "<group>"; };
		229952931774455800033D6F /* Default@2x.png */ = {isa = PBXFileReference; lastKnownFileType = image.png; name = "Default@2x.png"; path = "../Default@2x.png"; sourceTree = "<group>"; };
		22995295177445F500033D6F /* Default.png */ = {isa = PBXFileReference; lastKnownFileType = image.png; name = Default.png; path = ../Default.png; sourceTree = "<group>"; };
		22995297177449A200033D6F /* Default-Portrait~ipad.png */ = {isa = PBXFileReference; lastKnownFileType = image.png; name = "Default-Portrait~ipad.png"; path = "../Default-Portrait~ipad.png"; sourceTree = "<group>"; };
		22995299177449AB00033D6F /* Default-Landscape~ipad.png */ = {isa = PBXFileReference; lastKnownFileType = image.png; name = "Default-Landscape~ipad.png"; path = "../Default-Landscape~ipad.png"; sourceTree = "<group>"; };
		2299529B17744ADC00033D6F /* Default-Landscape@2x~ipad.png */ = {isa = PBXFileReference; lastKnownFileType = image.png; name = "Default-Landscape@2x~ipad.png"; path = "../Default-Landscape@2x~ipad.png"; sourceTree = "<group>"; };
		2299529D17744AFE00033D6F /* Default-Portrait@2x~ipad.png */ = {isa = PBXFileReference; lastKnownFileType = image.png; name = "Default-Portrait@2x~ipad.png"; path = "../Default-Portrait@2x~ipad.png"; sourceTree = "<group>"; };
		229C34DD1782016D00CC56E1 /* Readability-activity-iPad.png */ = {isa = PBXFileReference; lastKnownFileType = image.png; path = "Readability-activity-iPad.png"; sourceTree = "<group>"; };
		229C34DE1782016D00CC56E1 /* Readability-activity-iPad@2x.png */ = {isa = PBXFileReference; lastKnownFileType = image.png; path = "Readability-activity-iPad@2x.png"; sourceTree = "<group>"; };
		229C34DF1782016D00CC56E1 /* Readability-activity-iPhone.png */ = {isa = PBXFileReference; lastKnownFileType = image.png; path = "Readability-activity-iPhone.png"; sourceTree = "<group>"; };
		229C34E01782016D00CC56E1 /* Readability-activity-iPhone@2x.png */ = {isa = PBXFileReference; lastKnownFileType = image.png; path = "Readability-activity-iPhone@2x.png"; sourceTree = "<group>"; };
		229C34E11782016D00CC56E1 /* ReadabilityActivity.h */ = {isa = PBXFileReference; fileEncoding = 4; lastKnownFileType = sourcecode.c.h; path = ReadabilityActivity.h; sourceTree = "<group>"; };
		229C34E21782016D00CC56E1 /* ReadabilityActivity.m */ = {isa = PBXFileReference; fileEncoding = 4; lastKnownFileType = sourcecode.c.objc; path = ReadabilityActivity.m; sourceTree = "<group>"; };
		22B26508176DA934001D6656 /* MAMWebViewController.h */ = {isa = PBXFileReference; fileEncoding = 4; lastKnownFileType = sourcecode.c.h; path = MAMWebViewController.h; sourceTree = "<group>"; };
		22B26509176DA934001D6656 /* MAMWebViewController.m */ = {isa = PBXFileReference; fileEncoding = 4; lastKnownFileType = sourcecode.c.objc; path = MAMWebViewController.m; sourceTree = "<group>"; };
		22B2650E176DE7AC001D6656 /* NSString+Additions.h */ = {isa = PBXFileReference; fileEncoding = 4; lastKnownFileType = sourcecode.c.h; path = "NSString+Additions.h"; sourceTree = "<group>"; };
		22B2650F176DE7AC001D6656 /* NSString+Additions.m */ = {isa = PBXFileReference; fileEncoding = 4; lastKnownFileType = sourcecode.c.objc; path = "NSString+Additions.m"; sourceTree = "<group>"; };
		22B26511176DF4FC001D6656 /* MAMCommentsViewController.h */ = {isa = PBXFileReference; fileEncoding = 4; lastKnownFileType = sourcecode.c.h; path = MAMCommentsViewController.h; sourceTree = "<group>"; };
		22B26512176DF4FC001D6656 /* MAMCommentsViewController.m */ = {isa = PBXFileReference; fileEncoding = 4; lastKnownFileType = sourcecode.c.objc; path = MAMCommentsViewController.m; sourceTree = "<group>"; };
		22CB50B2176F333F006DA4AC /* TFHpple.h */ = {isa = PBXFileReference; fileEncoding = 4; lastKnownFileType = sourcecode.c.h; path = TFHpple.h; sourceTree = "<group>"; };
		22CB50B3176F333F006DA4AC /* TFHpple.m */ = {isa = PBXFileReference; fileEncoding = 4; lastKnownFileType = sourcecode.c.objc; path = TFHpple.m; sourceTree = "<group>"; };
		22CB50B4176F333F006DA4AC /* TFHppleElement.h */ = {isa = PBXFileReference; fileEncoding = 4; lastKnownFileType = sourcecode.c.h; path = TFHppleElement.h; sourceTree = "<group>"; };
		22CB50B5176F333F006DA4AC /* TFHppleElement.m */ = {isa = PBXFileReference; fileEncoding = 4; lastKnownFileType = sourcecode.c.objc; path = TFHppleElement.m; sourceTree = "<group>"; };
		22CB50B6176F333F006DA4AC /* XPathQuery.h */ = {isa = PBXFileReference; fileEncoding = 4; lastKnownFileType = sourcecode.c.h; path = XPathQuery.h; sourceTree = "<group>"; };
		22CB50B7176F333F006DA4AC /* XPathQuery.m */ = {isa = PBXFileReference; fileEncoding = 4; lastKnownFileType = sourcecode.c.objc; path = XPathQuery.m; sourceTree = "<group>"; };
		22CB50BB176F5416006DA4AC /* MAMCommentTableViewCell.h */ = {isa = PBXFileReference; fileEncoding = 4; lastKnownFileType = sourcecode.c.h; path = MAMCommentTableViewCell.h; sourceTree = "<group>"; };
		22CB50BC176F5416006DA4AC /* MAMCommentTableViewCell.m */ = {isa = PBXFileReference; fileEncoding = 4; lastKnownFileType = sourcecode.c.objc; path = MAMCommentTableViewCell.m; sourceTree = "<group>"; };
		22CB50D2176FA375006DA4AC /* TTTAttributedLabel.h */ = {isa = PBXFileReference; fileEncoding = 4; lastKnownFileType = sourcecode.c.h; path = TTTAttributedLabel.h; sourceTree = "<group>"; };
		22CB50D3176FA375006DA4AC /* TTTAttributedLabel.m */ = {isa = PBXFileReference; fileEncoding = 4; lastKnownFileType = sourcecode.c.objc; path = TTTAttributedLabel.m; sourceTree = "<group>"; };
		22CB50D5176FA4CC006DA4AC /* CoreText.framework */ = {isa = PBXFileReference; lastKnownFileType = wrapper.framework; name = CoreText.framework; path = System/Library/Frameworks/CoreText.framework; sourceTree = SDKROOT; };
		22E8DD5A1782E7F800137E75 /* UIView+AnchorPoint.h */ = {isa = PBXFileReference; fileEncoding = 4; lastKnownFileType = sourcecode.c.h; path = "UIView+AnchorPoint.h"; sourceTree = "<group>"; };
		22E8DD5B1782E7F800137E75 /* UIView+AnchorPoint.m */ = {isa = PBXFileReference; fileEncoding = 4; lastKnownFileType = sourcecode.c.objc; path = "UIView+AnchorPoint.m"; sourceTree = "<group>"; };
/* End PBXFileReference section */

/* Begin PBXFrameworksBuildPhase section */
		22319185176C3AEA0006084D /* Frameworks */ = {
			isa = PBXFrameworksBuildPhase;
			buildActionMask = 2147483647;
			files = (
				223246D41780099A00707BCD /* Security.framework in Frameworks */,
				22CB50D6176FA4CC006DA4AC /* CoreText.framework in Frameworks */,
				2231921C176C6EBB0006084D /* libz.dylib in Frameworks */,
				2231921A176C6E9B0006084D /* libxml2.dylib in Frameworks */,
				223191E0176C5ED40006084D /* SystemConfiguration.framework in Frameworks */,
				223191DE176C5ECF0006084D /* MobileCoreServices.framework in Frameworks */,
				223191B7176C527D0006084D /* QuartzCore.framework in Frameworks */,
				2231918C176C3AEA0006084D /* UIKit.framework in Frameworks */,
				2231918E176C3AEA0006084D /* Foundation.framework in Frameworks */,
				22319190176C3AEA0006084D /* CoreGraphics.framework in Frameworks */,
			);
			runOnlyForDeploymentPostprocessing = 0;
		};
/* End PBXFrameworksBuildPhase section */

/* Begin PBXGroup section */
		2231917F176C3AE90006084D = {
			isa = PBXGroup;
			children = (
				22319191176C3AEA0006084D /* Hacker News */,
				2231918A176C3AEA0006084D /* Frameworks */,
				22319189176C3AEA0006084D /* Products */,
			);
			sourceTree = "<group>";
		};
		22319189176C3AEA0006084D /* Products */ = {
			isa = PBXGroup;
			children = (
				22319188176C3AEA0006084D /* Hacker News.app */,
			);
			name = Products;
			sourceTree = "<group>";
		};
		2231918A176C3AEA0006084D /* Frameworks */ = {
			isa = PBXGroup;
			children = (
				223246D31780099A00707BCD /* Security.framework */,
				22CB50D5176FA4CC006DA4AC /* CoreText.framework */,
				2231921B176C6EBB0006084D /* libz.dylib */,
				22319219176C6E9B0006084D /* libxml2.dylib */,
				223191DF176C5ED40006084D /* SystemConfiguration.framework */,
				223191DD176C5ECF0006084D /* MobileCoreServices.framework */,
				223191B6176C527D0006084D /* QuartzCore.framework */,
				2231918B176C3AEA0006084D /* UIKit.framework */,
				2231918D176C3AEA0006084D /* Foundation.framework */,
				2231918F176C3AEA0006084D /* CoreGraphics.framework */,
			);
			name = Frameworks;
			sourceTree = "<group>";
		};
		22319191176C3AEA0006084D /* Hacker News */ = {
			isa = PBXGroup;
			children = (
				223191AE176C3BB30006084D /* Views */,
				223191AF176C4DB30006084D /* Model */,
				22319192176C3AEA0006084D /* Supporting Files */,
			);
			path = "Hacker News";
			sourceTree = "<group>";
		};
		22319192176C3AEA0006084D /* Supporting Files */ = {
			isa = PBXGroup;
			children = (
				2231919A176C3AEA0006084D /* MAMAppDelegate.h */,
				2231919B176C3AEA0006084D /* MAMAppDelegate.m */,
				223246D21780091300707BCD /* MAMConstants.h */,
				223191D7176C5E570006084D /* Dependencies */,
				223191D8176C5E600006084D /* Other */,
				2299528F1774436A00033D6F /* 144.png */,
				2299528D1774436700033D6F /* 72.png */,
				2299528B1774435B00033D6F /* 114.png */,
				229952891774435100033D6F /* 57.png */,
				2299529D17744AFE00033D6F /* Default-Portrait@2x~ipad.png */,
				2299529B17744ADC00033D6F /* Default-Landscape@2x~ipad.png */,
				22995299177449AB00033D6F /* Default-Landscape~ipad.png */,
				22995297177449A200033D6F /* Default-Portrait~ipad.png */,
				22995295177445F500033D6F /* Default.png */,
				229952931774455800033D6F /* Default@2x.png */,
				229952911774448700033D6F /* Default-568h@2x.png */,
			);
			name = "Supporting Files";
			sourceTree = "<group>";
		};
		223191AE176C3BB30006084D /* Views */ = {
			isa = PBXGroup;
			children = (
				223191A3176C3AEA0006084D /* MainStoryboard.storyboard */,
				229952811773BACA00033D6F /* MainStoryboard_iPad.storyboard */,
				22CB50CC176F91D4006DA4AC /* Home */,
				22CB50CD176F91E9006DA4AC /* Reader */,
				22CB50CE176F91FA006DA4AC /* Webview */,
				22CB50CB176F91C3006DA4AC /* Comments */,
				2261F72B176CDC9400CB2213 /* Interface */,
			);
			name = Views;
			sourceTree = "<group>";
		};
		223191AF176C4DB30006084D /* Model */ = {
			isa = PBXGroup;
			children = (
				223191B0176C4DD00006084D /* MAMHNController.h */,
				223191B1176C4DD00006084D /* MAMHNController.m */,
				223191B3176C4DE20006084D /* MAMHNStory.h */,
				223191B4176C4DE20006084D /* MAMHNStory.m */,
				22371B4B176E568500F05CE3 /* MAMHNComment.h */,
				22371B4C176E568500F05CE3 /* MAMHNComment.m */,
			);
			name = Model;
			sourceTree = "<group>";
		};
		223191BA176C5E4F0006084D /* AFNetworking */ = {
			isa = PBXGroup;
			children = (
				223191BB176C5E4F0006084D /* AFHTTPClient.h */,
				223191BC176C5E4F0006084D /* AFHTTPClient.m */,
				223191BD176C5E4F0006084D /* AFHTTPRequestOperation.h */,
				223191BE176C5E4F0006084D /* AFHTTPRequestOperation.m */,
				223191BF176C5E4F0006084D /* AFImageRequestOperation.h */,
				223191C0176C5E4F0006084D /* AFImageRequestOperation.m */,
				223191C1176C5E4F0006084D /* AFJSONRequestOperation.h */,
				223191C2176C5E4F0006084D /* AFJSONRequestOperation.m */,
				223191C3176C5E4F0006084D /* AFNetworkActivityIndicatorManager.h */,
				223191C4176C5E4F0006084D /* AFNetworkActivityIndicatorManager.m */,
				223191C5176C5E4F0006084D /* AFNetworking.h */,
				223191C6176C5E4F0006084D /* AFPropertyListRequestOperation.h */,
				223191C7176C5E4F0006084D /* AFPropertyListRequestOperation.m */,
				223191C8176C5E4F0006084D /* AFURLConnectionOperation.h */,
				223191C9176C5E4F0006084D /* AFURLConnectionOperation.m */,
				223191CA176C5E4F0006084D /* AFXMLRequestOperation.h */,
				223191CB176C5E4F0006084D /* AFXMLRequestOperation.m */,
				223191CC176C5E4F0006084D /* UIImageView+AFNetworking.h */,
				223191CD176C5E4F0006084D /* UIImageView+AFNetworking.m */,
			);
			path = AFNetworking;
			sourceTree = "<group>";
		};
		223191D7176C5E570006084D /* Dependencies */ = {
			isa = PBXGroup;
			children = (
				22E8DD591782E7D800137E75 /* Helpers */,
				229C34E81782017900CC56E1 /* UIActivity */,
				226339AD177B85BE00B2270A /* MAMSlideNavigationViewController */,
				22CB50BE176F8EE7006DA4AC /* TTAttributedLabel */,
				22CB50B1176F16E1006DA4AC /* Hpple */,
				22319215176C6DE30006084D /* RaptureXML */,
				223191BA176C5E4F0006084D /* AFNetworking */,
			);
			name = Dependencies;
			sourceTree = "<group>";
		};
		223191D8176C5E600006084D /* Other */ = {
			isa = PBXGroup;
			children = (
				22B2650E176DE7AC001D6656 /* NSString+Additions.h */,
				22B2650F176DE7AC001D6656 /* NSString+Additions.m */,
				226BA884177221B800FD34B1 /* MAMButton.h */,
				226BA885177221B800FD34B1 /* MAMButton.m */,
				22319193176C3AEA0006084D /* Hacker News-Info.plist */,
				22319194176C3AEA0006084D /* InfoPlist.strings */,
				22319197176C3AEA0006084D /* main.m */,
				22319199176C3AEA0006084D /* Hacker News-Prefix.pch */,
				229952871773C90700033D6F /* view_Pad.html */,
				2261F731176CE2E300CB2213 /* view.html */,
			);
			name = Other;
			sourceTree = "<group>";
		};
		22319215176C6DE30006084D /* RaptureXML */ = {
			isa = PBXGroup;
			children = (
				223207AD176CC6540036EC23 /* RXMLElement.h */,
				223207AE176CC6540036EC23 /* RXMLElement.m */,
			);
			path = RaptureXML;
			sourceTree = "<group>";
		};
		223246B8178008F700707BCD /* PocketSDK */ = {
			isa = PBXGroup;
			children = (
				223246B9178008F700707BCD /* PocketActivity@2x~ipad.png */,
				223246BA178008F700707BCD /* PocketActivity@2x~iphone.png */,
				223246BB178008F700707BCD /* PocketActivity~ipad.png */,
				223246BC178008F700707BCD /* PocketActivity~iphone.png */,
				223246BD178008F700707BCD /* PocketAPI+NSOperation.h */,
				223246BE178008F700707BCD /* PocketAPI.h */,
				223246BF178008F700707BCD /* PocketAPI.m */,
				223246C0178008F700707BCD /* PocketAPIActivity.h */,
				223246C1178008F700707BCD /* PocketAPIActivity.m */,
				223246C2178008F700707BCD /* PocketAPILogin.h */,
				223246C3178008F700707BCD /* PocketAPILogin.m */,
				223246C4178008F700707BCD /* PocketAPIOperation.h */,
				223246C5178008F700707BCD /* PocketAPIOperation.m */,
				223246C6178008F700707BCD /* PocketAPITypes.h */,
				223246C7178008F700707BCD /* SFHFKeychainUtils.h */,
				223246C8178008F700707BCD /* SFHFKeychainUtils.m */,
			);
			path = PocketSDK;
			sourceTree = "<group>";
		};
		2261F72B176CDC9400CB2213 /* Interface */ = {
			isa = PBXGroup;
			children = (
				226BA88B1772588800FD34B1 /* Home */,
				226BA88C1772596300FD34B1 /* Reader */,
			);
			name = Interface;
			sourceTree = "<group>";
		};
		226339AD177B85BE00B2270A /* MAMSlideNavigationViewController */ = {
			isa = PBXGroup;
			children = (
				226339AA177B85A700B2270A /* MAMSlideNavigationViewController.h */,
				226339AB177B85A700B2270A /* MAMSlideNavigationViewController.m */,
			);
			name = MAMSlideNavigationViewController;
			sourceTree = "<group>";
		};
		226BA88B1772588800FD34B1 /* Home */ = {
			isa = PBXGroup;
			children = (
				2238231E176D189D008E9CED /* badge.png */,
				2238231F176D189D008E9CED /* badge@2x.png */,
				22382320176D189D008E9CED /* best.png */,
				22382321176D189D008E9CED /* best@2x.png */,
				22382322176D189D008E9CED /* clock.png */,
				22382323176D189D008E9CED /* clock@2x.png */,
				22382324176D189D008E9CED /* heart.png */,
				22382325176D189D008E9CED /* heart@2x.png */,
				22382326176D189D008E9CED /* shadow.png */,
				22382327176D189D008E9CED /* shadow@2x.png */,
				22382328176D189D008E9CED /* star.png */,
				22382329176D189D008E9CED /* star@2x.png */,
				2238232A176D189D008E9CED /* stats.png */,
				2238232B176D189D008E9CED /* stats@2x.png */,
			);
			name = Home;
			sourceTree = "<group>";
		};
		226BA88C1772596300FD34B1 /* Reader */ = {
			isa = PBXGroup;
			children = (
				229952851773C78100033D6F /* line_shadow.png */,
				229952831773C76500033D6F /* background_page.png */,
				2299525417739F1900033D6F /* cancel-white.png */,
				2299525517739F1900033D6F /* cancel-white@2x.png */,
				2299525617739F1900033D6F /* share-white.png */,
				2299525717739F1A00033D6F /* share-white@2x.png */,
				2299524617739E9500033D6F /* arrow-left.png */,
				2299524717739E9500033D6F /* arrow-left@2x.png */,
				2299524817739E9500033D6F /* arrow-right.png */,
				2299524917739E9500033D6F /* arrow-right@2x.png */,
				2299524A17739E9500033D6F /* back-white.png */,
				2299524B17739E9500033D6F /* back-white@2x.png */,
				2299523E17733B2B00033D6F /* comment.png */,
				2299524017733BB900033D6F /* comment@2x.png */,
				2299522217732C6900033D6F /* arrow-down.png */,
				2299522317732C6900033D6F /* arrow-down@2x.png */,
				2299522417732C6900033D6F /* arrow-up.png */,
				2299522517732C6900033D6F /* arrow-up@2x.png */,
				2299522617732C6900033D6F /* back.png */,
				2299522717732C6900033D6F /* back@2x.png */,
				2299522A17732C6900033D6F /* font.png */,
				2299522B17732C6900033D6F /* font@2x.png */,
				2299523617732FBA00033D6F /* share.png */,
				2299523717732FBA00033D6F /* share@2x.png */,
			);
			name = Reader;
			sourceTree = "<group>";
		};
		229952751773B16500033D6F /* TUSafariActivity */ = {
			isa = PBXGroup;
			children = (
				229952761773B16500033D6F /* Safari.png */,
				229952771773B16500033D6F /* Safari@2x.png */,
				229952781773B16500033D6F /* Safari@2x~ipad.png */,
				229952791773B16500033D6F /* Safari~ipad.png */,
				2299527A1773B16500033D6F /* TUSafariActivity.h */,
				2299527B1773B16500033D6F /* TUSafariActivity.m */,
			);
			path = TUSafariActivity;
			sourceTree = "<group>";
		};
		229C34DC1782016D00CC56E1 /* ReadabilityActivity */ = {
			isa = PBXGroup;
			children = (
				229C34DD1782016D00CC56E1 /* Readability-activity-iPad.png */,
				229C34DE1782016D00CC56E1 /* Readability-activity-iPad@2x.png */,
				229C34DF1782016D00CC56E1 /* Readability-activity-iPhone.png */,
				229C34E01782016D00CC56E1 /* Readability-activity-iPhone@2x.png */,
				229C34E11782016D00CC56E1 /* ReadabilityActivity.h */,
				229C34E21782016D00CC56E1 /* ReadabilityActivity.m */,
			);
			path = ReadabilityActivity;
			sourceTree = "<group>";
		};
		229C34E81782017900CC56E1 /* UIActivity */ = {
			isa = PBXGroup;
			children = (
				229C34DC1782016D00CC56E1 /* ReadabilityActivity */,
				229952751773B16500033D6F /* TUSafariActivity */,
				223246B8178008F700707BCD /* PocketSDK */,
			);
			name = UIActivity;
			sourceTree = "<group>";
		};
		22CB50B1176F16E1006DA4AC /* Hpple */ = {
			isa = PBXGroup;
			children = (
				22CB50B2176F333F006DA4AC /* TFHpple.h */,
				22CB50B3176F333F006DA4AC /* TFHpple.m */,
				22CB50B4176F333F006DA4AC /* TFHppleElement.h */,
				22CB50B5176F333F006DA4AC /* TFHppleElement.m */,
				22CB50B6176F333F006DA4AC /* XPathQuery.h */,
				22CB50B7176F333F006DA4AC /* XPathQuery.m */,
			);
			name = Hpple;
			sourceTree = "<group>";
		};
		22CB50BE176F8EE7006DA4AC /* TTAttributedLabel */ = {
			isa = PBXGroup;
			children = (
				22CB50D2176FA375006DA4AC /* TTTAttributedLabel.h */,
				22CB50D3176FA375006DA4AC /* TTTAttributedLabel.m */,
			);
			name = TTAttributedLabel;
			sourceTree = "<group>";
		};
		22CB50CB176F91C3006DA4AC /* Comments */ = {
			isa = PBXGroup;
			children = (
				22B26511176DF4FC001D6656 /* MAMCommentsViewController.h */,
				22B26512176DF4FC001D6656 /* MAMCommentsViewController.m */,
				22CB50BB176F5416006DA4AC /* MAMCommentTableViewCell.h */,
				22CB50BC176F5416006DA4AC /* MAMCommentTableViewCell.m */,
			);
			name = Comments;
			sourceTree = "<group>";
		};
		22CB50CC176F91D4006DA4AC /* Home */ = {
			isa = PBXGroup;
			children = (
				223191A6176C3AEA0006084D /* MAMViewController.h */,
				223191A7176C3AEA0006084D /* MAMViewController.m */,
				223191DA176C5EB40006084D /* MAMStoryTableViewCell.h */,
				223191DB176C5EB40006084D /* MAMStoryTableViewCell.m */,
			);
			name = Home;
			sourceTree = "<group>";
		};
		22CB50CD176F91E9006DA4AC /* Reader */ = {
			isa = PBXGroup;
			children = (
				2261F72E176CDF1500CB2213 /* MAMReaderViewController.h */,
				2261F72F176CDF1500CB2213 /* MAMReaderViewController.m */,
			);
			name = Reader;
			sourceTree = "<group>";
		};
		22CB50CE176F91FA006DA4AC /* Webview */ = {
			isa = PBXGroup;
			children = (
				22B26508176DA934001D6656 /* MAMWebViewController.h */,
				22B26509176DA934001D6656 /* MAMWebViewController.m */,
			);
			name = Webview;
			sourceTree = "<group>";
		};
		22E8DD591782E7D800137E75 /* Helpers */ = {
			isa = PBXGroup;
			children = (
				22E8DD5A1782E7F800137E75 /* UIView+AnchorPoint.h */,
				22E8DD5B1782E7F800137E75 /* UIView+AnchorPoint.m */,
			);
			name = Helpers;
			sourceTree = "<group>";
		};
/* End PBXGroup section */

/* Begin PBXNativeTarget section */
		22319187176C3AEA0006084D /* Hacker News */ = {
			isa = PBXNativeTarget;
			buildConfigurationList = 223191AB176C3AEA0006084D /* Build configuration list for PBXNativeTarget "Hacker News" */;
			buildPhases = (
				22319184176C3AEA0006084D /* Sources */,
				22319185176C3AEA0006084D /* Frameworks */,
				22319186176C3AEA0006084D /* Resources */,
			);
			buildRules = (
			);
			dependencies = (
			);
			name = "Hacker News";
			productName = "Hacker News";
			productReference = 22319188176C3AEA0006084D /* Hacker News.app */;
			productType = "com.apple.product-type.application";
		};
/* End PBXNativeTarget section */

/* Begin PBXProject section */
		22319180176C3AE90006084D /* Project object */ = {
			isa = PBXProject;
			attributes = {
				CLASSPREFIX = MAM;
				LastUpgradeCheck = 0460;
				ORGANIZATIONNAME = "Maximilian Mackh";
			};
			buildConfigurationList = 22319183176C3AE90006084D /* Build configuration list for PBXProject "Hacker News" */;
			compatibilityVersion = "Xcode 3.2";
			developmentRegion = English;
			hasScannedForEncodings = 0;
			knownRegions = (
				en,
			);
			mainGroup = 2231917F176C3AE90006084D;
			productRefGroup = 22319189176C3AEA0006084D /* Products */;
			projectDirPath = "";
			projectRoot = "";
			targets = (
				22319187176C3AEA0006084D /* Hacker News */,
			);
		};
/* End PBXProject section */

/* Begin PBXResourcesBuildPhase section */
		22319186176C3AEA0006084D /* Resources */ = {
			isa = PBXResourcesBuildPhase;
			buildActionMask = 2147483647;
			files = (
				22319196176C3AEA0006084D /* InfoPlist.strings in Resources */,
				223191A5176C3AEA0006084D /* MainStoryboard.storyboard in Resources */,
				2261F732176CE2E300CB2213 /* view.html in Resources */,
				2238232C176D189D008E9CED /* badge.png in Resources */,
				2238232D176D189D008E9CED /* badge@2x.png in Resources */,
				2238232E176D189D008E9CED /* best.png in Resources */,
				2238232F176D189D008E9CED /* best@2x.png in Resources */,
				22382330176D189D008E9CED /* clock.png in Resources */,
				22382331176D189D008E9CED /* clock@2x.png in Resources */,
				22382332176D189D008E9CED /* heart.png in Resources */,
				22382333176D189D008E9CED /* heart@2x.png in Resources */,
				22382334176D189D008E9CED /* shadow.png in Resources */,
				22382335176D189D008E9CED /* shadow@2x.png in Resources */,
				22382336176D189D008E9CED /* star.png in Resources */,
				22382337176D189D008E9CED /* star@2x.png in Resources */,
				22382338176D189D008E9CED /* stats.png in Resources */,
				22382339176D189D008E9CED /* stats@2x.png in Resources */,
				2299522C17732C6900033D6F /* arrow-down.png in Resources */,
				2299522D17732C6900033D6F /* arrow-down@2x.png in Resources */,
				2299522E17732C6900033D6F /* arrow-up.png in Resources */,
				2299522F17732C6900033D6F /* arrow-up@2x.png in Resources */,
				2299523017732C6900033D6F /* back.png in Resources */,
				2299523117732C6900033D6F /* back@2x.png in Resources */,
				2299523417732C6900033D6F /* font.png in Resources */,
				2299523517732C6900033D6F /* font@2x.png in Resources */,
				2299523817732FBA00033D6F /* share.png in Resources */,
				2299523917732FBA00033D6F /* share@2x.png in Resources */,
				2299523F17733B2B00033D6F /* comment.png in Resources */,
				2299524117733BB900033D6F /* comment@2x.png in Resources */,
				2299524C17739E9500033D6F /* arrow-left.png in Resources */,
				2299524D17739E9500033D6F /* arrow-left@2x.png in Resources */,
				2299524E17739E9500033D6F /* arrow-right.png in Resources */,
				2299524F17739E9500033D6F /* arrow-right@2x.png in Resources */,
				2299525017739E9500033D6F /* back-white.png in Resources */,
				2299525117739E9500033D6F /* back-white@2x.png in Resources */,
				2299525817739F1A00033D6F /* cancel-white.png in Resources */,
				2299525917739F1A00033D6F /* cancel-white@2x.png in Resources */,
				2299525A17739F1A00033D6F /* share-white.png in Resources */,
				2299525B17739F1A00033D6F /* share-white@2x.png in Resources */,
				2299527C1773B16500033D6F /* Safari.png in Resources */,
				2299527D1773B16500033D6F /* Safari@2x.png in Resources */,
				2299527E1773B16500033D6F /* Safari@2x~ipad.png in Resources */,
				2299527F1773B16500033D6F /* Safari~ipad.png in Resources */,
				229952821773BACB00033D6F /* MainStoryboard_iPad.storyboard in Resources */,
				229952841773C76500033D6F /* background_page.png in Resources */,
				229952861773C78100033D6F /* line_shadow.png in Resources */,
				229952881773C90800033D6F /* view_Pad.html in Resources */,
				2299528A1774435200033D6F /* 57.png in Resources */,
				2299528C1774435B00033D6F /* 114.png in Resources */,
				2299528E1774436700033D6F /* 72.png in Resources */,
				229952901774436A00033D6F /* 144.png in Resources */,
				229952921774448700033D6F /* Default-568h@2x.png in Resources */,
				229952941774455800033D6F /* Default@2x.png in Resources */,
				22995296177445F700033D6F /* Default.png in Resources */,
				22995298177449A300033D6F /* Default-Portrait~ipad.png in Resources */,
				2299529A177449AC00033D6F /* Default-Landscape~ipad.png in Resources */,
				2299529C17744ADC00033D6F /* Default-Landscape@2x~ipad.png in Resources */,
				2299529E17744AFF00033D6F /* Default-Portrait@2x~ipad.png in Resources */,
				223246C9178008F700707BCD /* PocketActivity@2x~ipad.png in Resources */,
				223246CA178008F700707BCD /* PocketActivity@2x~iphone.png in Resources */,
				223246CB178008F700707BCD /* PocketActivity~ipad.png in Resources */,
				223246CC178008F700707BCD /* PocketActivity~iphone.png in Resources */,
				229C34E31782016D00CC56E1 /* Readability-activity-iPad.png in Resources */,
				229C34E41782016D00CC56E1 /* Readability-activity-iPad@2x.png in Resources */,
				229C34E51782016D00CC56E1 /* Readability-activity-iPhone.png in Resources */,
				229C34E61782016D00CC56E1 /* Readability-activity-iPhone@2x.png in Resources */,
			);
			runOnlyForDeploymentPostprocessing = 0;
		};
/* End PBXResourcesBuildPhase section */

/* Begin PBXSourcesBuildPhase section */
		22319184176C3AEA0006084D /* Sources */ = {
			isa = PBXSourcesBuildPhase;
			buildActionMask = 2147483647;
			files = (
				22319198176C3AEA0006084D /* main.m in Sources */,
				2231919C176C3AEA0006084D /* MAMAppDelegate.m in Sources */,
				223191A8176C3AEA0006084D /* MAMViewController.m in Sources */,
				223191B2176C4DD00006084D /* MAMHNController.m in Sources */,
				223191B5176C4DE20006084D /* MAMHNStory.m in Sources */,
				223191CE176C5E4F0006084D /* AFHTTPClient.m in Sources */,
				223191CF176C5E4F0006084D /* AFHTTPRequestOperation.m in Sources */,
				223191D0176C5E4F0006084D /* AFImageRequestOperation.m in Sources */,
				223191D1176C5E4F0006084D /* AFJSONRequestOperation.m in Sources */,
				223191D2176C5E4F0006084D /* AFNetworkActivityIndicatorManager.m in Sources */,
				223191D3176C5E4F0006084D /* AFPropertyListRequestOperation.m in Sources */,
				223191D4176C5E4F0006084D /* AFURLConnectionOperation.m in Sources */,
				223191D5176C5E4F0006084D /* AFXMLRequestOperation.m in Sources */,
				223191D6176C5E4F0006084D /* UIImageView+AFNetworking.m in Sources */,
				223191DC176C5EB40006084D /* MAMStoryTableViewCell.m in Sources */,
				223207AF176CC6540036EC23 /* RXMLElement.m in Sources */,
				2261F730176CDF1500CB2213 /* MAMReaderViewController.m in Sources */,
				22B2650A176DA934001D6656 /* MAMWebViewController.m in Sources */,
				22B26510176DE7AC001D6656 /* NSString+Additions.m in Sources */,
				22B26513176DF4FC001D6656 /* MAMCommentsViewController.m in Sources */,
				22371B4D176E568500F05CE3 /* MAMHNComment.m in Sources */,
				22CB50B8176F333F006DA4AC /* TFHpple.m in Sources */,
				22CB50B9176F333F006DA4AC /* TFHppleElement.m in Sources */,
				22CB50BA176F333F006DA4AC /* XPathQuery.m in Sources */,
				22CB50BD176F5416006DA4AC /* MAMCommentTableViewCell.m in Sources */,
				22CB50D4176FA375006DA4AC /* TTTAttributedLabel.m in Sources */,
				226BA886177221B800FD34B1 /* MAMButton.m in Sources */,
				229952801773B16500033D6F /* TUSafariActivity.m in Sources */,
				226339AC177B85A700B2270A /* MAMSlideNavigationViewController.m in Sources */,
				223246CD178008F700707BCD /* PocketAPI.m in Sources */,
				223246CE178008F700707BCD /* PocketAPIActivity.m in Sources */,
				223246CF178008F700707BCD /* PocketAPILogin.m in Sources */,
				223246D0178008F700707BCD /* PocketAPIOperation.m in Sources */,
				223246D1178008F700707BCD /* SFHFKeychainUtils.m in Sources */,
				229C34E71782016D00CC56E1 /* ReadabilityActivity.m in Sources */,
				22E8DD5C1782E7F800137E75 /* UIView+AnchorPoint.m in Sources */,
			);
			runOnlyForDeploymentPostprocessing = 0;
		};
/* End PBXSourcesBuildPhase section */

/* Begin PBXVariantGroup section */
		22319194176C3AEA0006084D /* InfoPlist.strings */ = {
			isa = PBXVariantGroup;
			children = (
				22319195176C3AEA0006084D /* en */,
			);
			name = InfoPlist.strings;
			sourceTree = "<group>";
		};
		223191A3176C3AEA0006084D /* MainStoryboard.storyboard */ = {
			isa = PBXVariantGroup;
			children = (
				223191A4176C3AEA0006084D /* en */,
			);
			name = MainStoryboard.storyboard;
			sourceTree = "<group>";
		};
/* End PBXVariantGroup section */

/* Begin XCBuildConfiguration section */
		223191A9176C3AEA0006084D /* Debug */ = {
			isa = XCBuildConfiguration;
			buildSettings = {
				ALWAYS_SEARCH_USER_PATHS = NO;
				CLANG_CXX_LANGUAGE_STANDARD = "gnu++0x";
				CLANG_CXX_LIBRARY = "libc++";
				CLANG_ENABLE_OBJC_ARC = YES;
				CLANG_WARN_CONSTANT_CONVERSION = YES;
				CLANG_WARN_EMPTY_BODY = YES;
				CLANG_WARN_ENUM_CONVERSION = YES;
				CLANG_WARN_INT_CONVERSION = YES;
				CLANG_WARN__DUPLICATE_METHOD_MATCH = YES;
				"CODE_SIGN_IDENTITY[sdk=iphoneos*]" = "iPhone Developer";
				COPY_PHASE_STRIP = NO;
				GCC_C_LANGUAGE_STANDARD = gnu99;
				GCC_DYNAMIC_NO_PIC = NO;
				GCC_OPTIMIZATION_LEVEL = 0;
				GCC_PREPROCESSOR_DEFINITIONS = (
					"DEBUG=1",
					"$(inherited)",
				);
				GCC_SYMBOLS_PRIVATE_EXTERN = NO;
				GCC_WARN_ABOUT_RETURN_TYPE = YES;
				GCC_WARN_UNINITIALIZED_AUTOS = YES;
				GCC_WARN_UNUSED_VARIABLE = YES;
				IPHONEOS_DEPLOYMENT_TARGET = 6.1;
				ONLY_ACTIVE_ARCH = YES;
				SDKROOT = iphoneos;
			};
			name = Debug;
		};
		223191AA176C3AEA0006084D /* Release */ = {
			isa = XCBuildConfiguration;
			buildSettings = {
				ALWAYS_SEARCH_USER_PATHS = NO;
				CLANG_CXX_LANGUAGE_STANDARD = "gnu++0x";
				CLANG_CXX_LIBRARY = "libc++";
				CLANG_ENABLE_OBJC_ARC = YES;
				CLANG_WARN_CONSTANT_CONVERSION = YES;
				CLANG_WARN_EMPTY_BODY = YES;
				CLANG_WARN_ENUM_CONVERSION = YES;
				CLANG_WARN_INT_CONVERSION = YES;
				CLANG_WARN__DUPLICATE_METHOD_MATCH = YES;
				"CODE_SIGN_IDENTITY[sdk=iphoneos*]" = "iPhone Developer";
				COPY_PHASE_STRIP = YES;
				GCC_C_LANGUAGE_STANDARD = gnu99;
				GCC_WARN_ABOUT_RETURN_TYPE = YES;
				GCC_WARN_UNINITIALIZED_AUTOS = YES;
				GCC_WARN_UNUSED_VARIABLE = YES;
				IPHONEOS_DEPLOYMENT_TARGET = 6.1;
				OTHER_CFLAGS = "-DNS_BLOCK_ASSERTIONS=1";
				SDKROOT = iphoneos;
				VALIDATE_PRODUCT = YES;
			};
			name = Release;
		};
		223191AC176C3AEA0006084D /* Debug */ = {
			isa = XCBuildConfiguration;
			buildSettings = {
				CODE_SIGN_IDENTITY = "iPhone Developer";
				"CODE_SIGN_IDENTITY[sdk=iphoneos*]" = "iPhone Developer";
				GCC_OPTIMIZATION_LEVEL = s;
				GCC_PRECOMPILE_PREFIX_HEADER = YES;
				GCC_PREFIX_HEADER = "Hacker News/Hacker News-Prefix.pch";
				HEADER_SEARCH_PATHS = "\"$(SDK_DIR)\"/usr/include/libxml2";
				INFOPLIST_FILE = "Hacker News/Hacker News-Info.plist";
				IPHONEOS_DEPLOYMENT_TARGET = 6.0;
				PRODUCT_NAME = "$(TARGET_NAME)";
				PROVISIONING_PROFILE = "";
				"PROVISIONING_PROFILE[sdk=iphoneos*]" = "";
				TARGETED_DEVICE_FAMILY = "1,2";
				WRAPPER_EXTENSION = app;
			};
			name = Debug;
		};
		223191AD176C3AEA0006084D /* Release */ = {
			isa = XCBuildConfiguration;
			buildSettings = {
				CODE_SIGN_IDENTITY = "iPhone Distribution";
				"CODE_SIGN_IDENTITY[sdk=iphoneos*]" = "iPhone Distribution";
				GCC_PRECOMPILE_PREFIX_HEADER = YES;
				GCC_PREFIX_HEADER = "Hacker News/Hacker News-Prefix.pch";
				HEADER_SEARCH_PATHS = "\"$(SDK_DIR)\"/usr/include/libxml2";
				INFOPLIST_FILE = "Hacker News/Hacker News-Info.plist";
				IPHONEOS_DEPLOYMENT_TARGET = 6.0;
				PRODUCT_NAME = "$(TARGET_NAME)";
				PROVISIONING_PROFILE = "";
				"PROVISIONING_PROFILE[sdk=iphoneos*]" = "";
				TARGETED_DEVICE_FAMILY = "1,2";
				WRAPPER_EXTENSION = app;
			};
			name = Release;
		};
/* End XCBuildConfiguration section */

/* Begin XCConfigurationList section */
		22319183176C3AE90006084D /* Build configuration list for PBXProject "Hacker News" */ = {
			isa = XCConfigurationList;
			buildConfigurations = (
				223191A9176C3AEA0006084D /* Debug */,
				223191AA176C3AEA0006084D /* Release */,
			);
			defaultConfigurationIsVisible = 0;
			defaultConfigurationName = Release;
		};
		223191AB176C3AEA0006084D /* Build configuration list for PBXNativeTarget "Hacker News" */ = {
			isa = XCConfigurationList;
			buildConfigurations = (
				223191AC176C3AEA0006084D /* Debug */,
				223191AD176C3AEA0006084D /* Release */,
			);
			defaultConfigurationIsVisible = 0;
			defaultConfigurationName = Release;
		};
/* End XCConfigurationList section */
	};
	rootObject = 22319180176C3AE90006084D /* Project object */;
}
